
Microsoft Visual Studio Solution File, Format Version 12.00
# Visual Studio 15
VisualStudioVersion = 15.0.28307.539
MinimumVisualStudioVersion = 10.0.40219.1
Project("{A07B5EB6-E848-4116-A8D0-A826331D98C6}") = "ServiceFabricFirstApp", "ServiceFabricFirstApp\ServiceFabricFirstApp.sfproj", "{A19EEBDC-A6E1-467C-A71F-AE1006CF99D5}"
EndProject
Project("{FAE04EC0-301F-11D3-BF4B-00C04F79EFBC}") = "StatelessFirstApp", "StatelessFirstApp\StatelessFirstApp.csproj", "{0E17CBD8-A372-478B-8411-A4B718046856}"
EndProject
Global
	GlobalSection(SolutionConfigurationPlatforms) = preSolution
		Debug|Any CPU = Debug|Any CPU
		Debug|x64 = Debug|x64
		Release|Any CPU = Release|Any CPU
		Release|x64 = Release|x64
	EndGlobalSection
	GlobalSection(ProjectConfigurationPlatforms) = postSolution
		{A19EEBDC-A6E1-467C-A71F-AE1006CF99D5}.Debug|Any CPU.ActiveCfg = Debug|x64
		{A19EEBDC-A6E1-467C-A71F-AE1006CF99D5}.Debug|x64.ActiveCfg = Debug|x64
		{A19EEBDC-A6E1-467C-A71F-AE1006CF99D5}.Debug|x64.Build.0 = Debug|x64
		{A19EEBDC-A6E1-467C-A71F-AE1006CF99D5}.Debug|x64.Deploy.0 = Debug|x64
		{A19EEBDC-A6E1-467C-A71F-AE1006CF99D5}.Release|Any CPU.ActiveCfg = Release|x64
		{A19EEBDC-A6E1-467C-A71F-AE1006CF99D5}.Release|x64.ActiveCfg = Release|x64
		{A19EEBDC-A6E1-467C-A71F-AE1006CF99D5}.Release|x64.Build.0 = Release|x64
		{A19EEBDC-A6E1-467C-A71F-AE1006CF99D5}.Release|x64.Deploy.0 = Release|x64
		{0E17CBD8-A372-478B-8411-A4B718046856}.Debug|Any CPU.ActiveCfg = Debug|Any CPU
		{0E17CBD8-A372-478B-8411-A4B718046856}.Debug|Any CPU.Build.0 = Debug|Any CPU
		{0E17CBD8-A372-478B-8411-A4B718046856}.Debug|x64.ActiveCfg = Debug|Any CPU
		{0E17CBD8-A372-478B-8411-A4B718046856}.Debug|x64.Build.0 = Debug|Any CPU
		{0E17CBD8-A372-478B-8411-A4B718046856}.Release|Any CPU.ActiveCfg = Release|Any CPU
		{0E17CBD8-A372-478B-8411-A4B718046856}.Release|Any CPU.Build.0 = Release|Any CPU
		{0E17CBD8-A372-478B-8411-A4B718046856}.Release|x64.ActiveCfg = Release|Any CPU
		{0E17CBD8-A372-478B-8411-A4B718046856}.Release|x64.Build.0 = Release|Any CPU
	EndGlobalSection
	GlobalSection(SolutionProperties) = preSolution
		HideSolutionNode = FALSE
	EndGlobalSection
	GlobalSection(ExtensibilityGlobals) = postSolution
		SolutionGuid = {B1F438C3-4E03-4A1A-B6A2-B1D7E1AFE3E1}
	EndGlobalSection
EndGlobal
